
Microsoft Visual Studio Solution File, Format Version 12.00
# Visual Studio Version 17
VisualStudioVersion = 17.2.32519.379
MinimumVisualStudioVersion = 10.0.40219.1
Project("{9A19103F-16F7-4668-BE54-9A1E7A4F7556}") = "SeattleRoasterProject", "SeattleRoasterProject\SeattleRoasterProject.csproj", "{3BA44ABF-2162-4368-B10B-7CA1C77BC30C}"
EndProject
Project("{9A19103F-16F7-4668-BE54-9A1E7A4F7556}") = "RoasterBeansDataAccess", "RoasterSiteDataScrapper\RoasterBeansDataAccess.csproj", "{F7DCCB35-3C0D-499C-8B59-DBD44ABC4777}"
EndProject
Project("{FAE04EC0-301F-11D3-BF4B-00C04F79EFBC}") = "SeattleRoasterProject.Core", "SeattleRoasterProject.Core\SeattleRoasterProject.Core.csproj", "{B50C17DC-0790-4CA1-8AD7-AE0EB9214CF5}"
EndProject
Global
	GlobalSection(SolutionConfigurationPlatforms) = preSolution
		Debug|Any CPU = Debug|Any CPU
		Release|Any CPU = Release|Any CPU
	EndGlobalSection
	GlobalSection(ProjectConfigurationPlatforms) = postSolution
		{3BA44ABF-2162-4368-B10B-7CA1C77BC30C}.Debug|Any CPU.ActiveCfg = Debug|Any CPU
		{3BA44ABF-2162-4368-B10B-7CA1C77BC30C}.Debug|Any CPU.Build.0 = Debug|Any CPU
		{3BA44ABF-2162-4368-B10B-7CA1C77BC30C}.Release|Any CPU.ActiveCfg = Release|Any CPU
		{3BA44ABF-2162-4368-B10B-7CA1C77BC30C}.Release|Any CPU.Build.0 = Release|Any CPU
		{F7DCCB35-3C0D-499C-8B59-DBD44ABC4777}.Debug|Any CPU.ActiveCfg = Debug|Any CPU
		{F7DCCB35-3C0D-499C-8B59-DBD44ABC4777}.Debug|Any CPU.Build.0 = Debug|Any CPU
		{F7DCCB35-3C0D-499C-8B59-DBD44ABC4777}.Release|Any CPU.ActiveCfg = Release|Any CPU
		{F7DCCB35-3C0D-499C-8B59-DBD44ABC4777}.Release|Any CPU.Build.0 = Release|Any CPU
		{B50C17DC-0790-4CA1-8AD7-AE0EB9214CF5}.Debug|Any CPU.ActiveCfg = Debug|Any CPU
		{B50C17DC-0790-4CA1-8AD7-AE0EB9214CF5}.Debug|Any CPU.Build.0 = Debug|Any CPU
		{B50C17DC-0790-4CA1-8AD7-AE0EB9214CF5}.Release|Any CPU.ActiveCfg = Release|Any CPU
		{B50C17DC-0790-4CA1-8AD7-AE0EB9214CF5}.Release|Any CPU.Build.0 = Release|Any CPU
	EndGlobalSection
	GlobalSection(SolutionProperties) = preSolution
		HideSolutionNode = FALSE
	EndGlobalSection
	GlobalSection(ExtensibilityGlobals) = postSolution
		SolutionGuid = {2E7B4AAB-1E7B-4531-A71D-CB6BB10AF3E5}
	EndGlobalSection
EndGlobal
